
Microsoft Visual Studio Solution File, Format Version 12.00
# Visual Studio Version 16
Project("{8BC9CEB8-8B4A-11D0-8D11-00A0C91BC942}") = "ALL_BUILD", "ALL_BUILD.vcxproj", "{355E0330-B672-326E-B27F-A68FB004DA34}"
	ProjectSection(ProjectDependencies) = postProject
		{23830710-B388-3036-8242-5B85D0E0CB1A} = {23830710-B388-3036-8242-5B85D0E0CB1A}
		{7040FB0D-4FE1-31B3-9D3C-B665DD7054A5} = {7040FB0D-4FE1-31B3-9D3C-B665DD7054A5}
	EndProjectSection
EndProject
Project("{8BC9CEB8-8B4A-11D0-8D11-00A0C91BC942}") = "0-Instance", "0-Instance.vcxproj", "{23830710-B388-3036-8242-5B85D0E0CB1A}"
	ProjectSection(ProjectDependencies) = postProject
		{7040FB0D-4FE1-31B3-9D3C-B665DD7054A5} = {7040FB0D-4FE1-31B3-9D3C-B665DD7054A5}
	EndProjectSection
EndProject
Project("{8BC9CEB8-8B4A-11D0-8D11-00A0C91BC942}") = "ZERO_CHECK", "ZERO_CHECK.vcxproj", "{7040FB0D-4FE1-31B3-9D3C-B665DD7054A5}"
	ProjectSection(ProjectDependencies) = postProject
	EndProjectSection
EndProject
Global
	GlobalSection(SolutionConfigurationPlatforms) = preSolution
		Debug|x64 = Debug|x64
		Release|x64 = Release|x64
		MinSizeRel|x64 = MinSizeRel|x64
		RelWithDebInfo|x64 = RelWithDebInfo|x64
	EndGlobalSection
	GlobalSection(ProjectConfigurationPlatforms) = postSolution
		{355E0330-B672-326E-B27F-A68FB004DA34}.Debug|x64.ActiveCfg = Debug|x64
		{355E0330-B672-326E-B27F-A68FB004DA34}.Release|x64.ActiveCfg = Release|x64
		{355E0330-B672-326E-B27F-A68FB004DA34}.MinSizeRel|x64.ActiveCfg = MinSizeRel|x64
		{355E0330-B672-326E-B27F-A68FB004DA34}.RelWithDebInfo|x64.ActiveCfg = RelWithDebInfo|x64
		{23830710-B388-3036-8242-5B85D0E0CB1A}.Debug|x64.ActiveCfg = Debug|x64
		{23830710-B388-3036-8242-5B85D0E0CB1A}.Debug|x64.Build.0 = Debug|x64
		{23830710-B388-3036-8242-5B85D0E0CB1A}.Release|x64.ActiveCfg = Release|x64
		{23830710-B388-3036-8242-5B85D0E0CB1A}.Release|x64.Build.0 = Release|x64
		{23830710-B388-3036-8242-5B85D0E0CB1A}.MinSizeRel|x64.ActiveCfg = MinSizeRel|x64
		{23830710-B388-3036-8242-5B85D0E0CB1A}.MinSizeRel|x64.Build.0 = MinSizeRel|x64
		{23830710-B388-3036-8242-5B85D0E0CB1A}.RelWithDebInfo|x64.ActiveCfg = RelWithDebInfo|x64
		{23830710-B388-3036-8242-5B85D0E0CB1A}.RelWithDebInfo|x64.Build.0 = RelWithDebInfo|x64
		{7040FB0D-4FE1-31B3-9D3C-B665DD7054A5}.Debug|x64.ActiveCfg = Debug|x64
		{7040FB0D-4FE1-31B3-9D3C-B665DD7054A5}.Debug|x64.Build.0 = Debug|x64
		{7040FB0D-4FE1-31B3-9D3C-B665DD7054A5}.Release|x64.ActiveCfg = Release|x64
		{7040FB0D-4FE1-31B3-9D3C-B665DD7054A5}.Release|x64.Build.0 = Release|x64
		{7040FB0D-4FE1-31B3-9D3C-B665DD7054A5}.MinSizeRel|x64.ActiveCfg = MinSizeRel|x64
		{7040FB0D-4FE1-31B3-9D3C-B665DD7054A5}.MinSizeRel|x64.Build.0 = MinSizeRel|x64
		{7040FB0D-4FE1-31B3-9D3C-B665DD7054A5}.RelWithDebInfo|x64.ActiveCfg = RelWithDebInfo|x64
		{7040FB0D-4FE1-31B3-9D3C-B665DD7054A5}.RelWithDebInfo|x64.Build.0 = RelWithDebInfo|x64
	EndGlobalSection
	GlobalSection(ExtensibilityGlobals) = postSolution
		SolutionGuid = {48681140-6058-34D8-965F-36B8048F7A35}
	EndGlobalSection
	GlobalSection(ExtensibilityAddIns) = postSolution
	EndGlobalSection
EndGlobal
