<?xml version="1.0" encoding="utf-8"?>
<Project ToolsVersion="16.0" xmlns="http://schemas.microsoft.com/developer/msbuild/2003">
  <ItemGroup>
    <ClCompile Include="C:\Users\alexm\Desktop\Vulkan Engine\Main.cpp">
      <Filter>Source Files</Filter>
    </ClCompile>
    <ClCompile Include="Window.cpp">
      <Filter>Source Files</Filter>
    </ClCompile>
    <ClCompile Include="WindowApplication.cpp">
      <Filter>Source Files</Filter>
    </ClCompile>
    <ClCompile Include="Pipeline.cpp">
      <Filter>Source Files</Filter>
    </ClCompile>
    <ClCompile Include="device.cpp">
      <Filter>Source Files</Filter>
    </ClCompile>
  </ItemGroup>
  <ItemGroup>
    <CustomBuild Include="C:\Users\alexm\Desktop\Vulkan Engine\CMakeLists.txt" />
  </ItemGroup>
  <ItemGroup>
    <Filter Include="Source Files">
      <UniqueIdentifier>{962D9CBE-B6CB-3DB4-BA2C-7F0D98DB81C8}</UniqueIdentifier>
    </Filter>
    <Filter Include="HeaderFiles">
      <UniqueIdentifier>{f9e44c75-fc7a-40dc-b83d-ab656a708781}</UniqueIdentifier>
    </Filter>
    <Filter Include="Shaders">
      <UniqueIdentifier>{d87086bf-26be-4c07-b183-10a255773274}</UniqueIdentifier>
    </Filter>
  </ItemGroup>
  <ItemGroup>
    <ClInclude Include="Window.h">
      <Filter>HeaderFiles</Filter>
    </ClInclude>
    <ClInclude Include="WindowApplication.h">
      <Filter>HeaderFiles</Filter>
    </ClInclude>
    <ClInclude Include="Pipeline.h">
      <Filter>HeaderFiles</Filter>
    </ClInclude>
    <ClInclude Include="device.h">
      <Filter>HeaderFiles</Filter>
    </ClInclude>
  </ItemGroup>
  <ItemGroup>
    <None Include="Shaders\SimpleShader.vert">
      <Filter>Shaders</Filter>
    </None>
    <None Include="Shaders\SimpleShader.frag">
      <Filter>Shaders</Filter>
    </None>
  </ItemGroup>
</Project>